// !$*UTF8*$!
{
	archiveVersion = 1;
	classes = {
	};
	objectVersion = 46;
	objects = {

/* Begin PBXBuildFile section */
		B7099B801BF976E60056EAF2 /* CollisionView.m in Sources */ = {isa = PBXBuildFile; fileRef = B7099B7F1BF976E60056EAF2 /* CollisionView.m */; };
		B7099B851BF984D30056EAF2 /* SnapView.m in Sources */ = {isa = PBXBuildFile; fileRef = B7099B841BF984D30056EAF2 /* SnapView.m */; };
		B7099B881BF986360056EAF2 /* PushView.m in Sources */ = {isa = PBXBuildFile; fileRef = B7099B871BF986350056EAF2 /* PushView.m */; };
		B7099B8B1BF9A52B0056EAF2 /* DynamicItemView.m in Sources */ = {isa = PBXBuildFile; fileRef = B7099B8A1BF9A52B0056EAF2 /* DynamicItemView.m */; };
		B7099B8E1BF9A9610056EAF2 /* AttachmentView.m in Sources */ = {isa = PBXBuildFile; fileRef = B7099B8D1BF9A9610056EAF2 /* AttachmentView.m */; };
		B7099B911BF9AB590056EAF2 /* FieldView.m in Sources */ = {isa = PBXBuildFile; fileRef = B7099B901BF9AB590056EAF2 /* FieldView.m */; };
		B783BA6D1BF5CD8A00F1AF9A /* main.m in Sources */ = {isa = PBXBuildFile; fileRef = B783BA6C1BF5CD8A00F1AF9A /* main.m */; };
		B783BA701BF5CD8A00F1AF9A /* AppDelegate.m in Sources */ = {isa = PBXBuildFile; fileRef = B783BA6F1BF5CD8A00F1AF9A /* AppDelegate.m */; };
		B783BA781BF5CD8A00F1AF9A /* Assets.xcassets in Resources */ = {isa = PBXBuildFile; fileRef = B783BA771BF5CD8A00F1AF9A /* Assets.xcassets */; };
		B783BA7B1BF5CD8A00F1AF9A /* LaunchScreen.storyboard in Resources */ = {isa = PBXBuildFile; fileRef = B783BA791BF5CD8A00F1AF9A /* LaunchScreen.storyboard */; };
		B783BA871BF5CEAE00F1AF9A /* DetailViewController.m in Sources */ = {isa = PBXBuildFile; fileRef = B783BA861BF5CEAE00F1AF9A /* DetailViewController.m */; };
		B783BA8A1BF5CFC300F1AF9A /* MainViewController.m in Sources */ = {isa = PBXBuildFile; fileRef = B783BA891BF5CFC300F1AF9A /* MainViewController.m */; };
		B783BA8F1BF5D5EA00F1AF9A /* BaseView.m in Sources */ = {isa = PBXBuildFile; fileRef = B783BA8E1BF5D5EA00F1AF9A /* BaseView.m */; };
		B783BA921BF5D64300F1AF9A /* GravityView.m in Sources */ = {isa = PBXBuildFile; fileRef = B783BA911BF5D64300F1AF9A /* GravityView.m */; };
/* End PBXBuildFile section */

/* Begin PBXFileReference section */
		B7099B7E1BF976E60056EAF2 /* CollisionView.h */ = {isa = PBXFileReference; fileEncoding = 4; lastKnownFileType = sourcecode.c.h; name = CollisionView.h; path = views/CollisionView.h; sourceTree = "<group>"; };
		B7099B7F1BF976E60056EAF2 /* CollisionView.m */ = {isa = PBXFileReference; fileEncoding = 4; lastKnownFileType = sourcecode.c.objc; name = CollisionView.m; path = views/CollisionView.m; sourceTree = "<group>"; };
		B7099B831BF984D30056EAF2 /* SnapView.h */ = {isa = PBXFileReference; fileEncoding = 4; lastKnownFileType = sourcecode.c.h; name = SnapView.h; path = views/SnapView.h; sourceTree = "<group>"; };
		B7099B841BF984D30056EAF2 /* SnapView.m */ = {isa = PBXFileReference; fileEncoding = 4; lastKnownFileType = sourcecode.c.objc; name = SnapView.m; path = views/SnapView.m; sourceTree = "<group>"; };
		B7099B861BF986350056EAF2 /* PushView.h */ = {isa = PBXFileReference; fileEncoding = 4; lastKnownFileType = sourcecode.c.h; name = PushView.h; path = views/PushView.h; sourceTree = "<group>"; };
		B7099B871BF986350056EAF2 /* PushView.m */ = {isa = PBXFileReference; fileEncoding = 4; lastKnownFileType = sourcecode.c.objc; name = PushView.m; path = views/PushView.m; sourceTree = "<group>"; };
		B7099B891BF9A52B0056EAF2 /* DynamicItemView.h */ = {isa = PBXFileReference; fileEncoding = 4; lastKnownFileType = sourcecode.c.h; name = DynamicItemView.h; path = views/DynamicItemView.h; sourceTree = "<group>"; };
		B7099B8A1BF9A52B0056EAF2 /* DynamicItemView.m */ = {isa = PBXFileReference; fileEncoding = 4; lastKnownFileType = sourcecode.c.objc; name = DynamicItemView.m; path = views/DynamicItemView.m; sourceTree = "<group>"; };
		B7099B8C1BF9A9610056EAF2 /* AttachmentView.h */ = {isa = PBXFileReference; fileEncoding = 4; lastKnownFileType = sourcecode.c.h; name = AttachmentView.h; path = views/AttachmentView.h; sourceTree = "<group>"; };
		B7099B8D1BF9A9610056EAF2 /* AttachmentView.m */ = {isa = PBXFileReference; fileEncoding = 4; lastKnownFileType = sourcecode.c.objc; name = AttachmentView.m; path = views/AttachmentView.m; sourceTree = "<group>"; };
		B7099B8F1BF9AB590056EAF2 /* FieldView.h */ = {isa = PBXFileReference; fileEncoding = 4; lastKnownFileType = sourcecode.c.h; name = FieldView.h; path = views/FieldView.h; sourceTree = "<group>"; };
		B7099B901BF9AB590056EAF2 /* FieldView.m */ = {isa = PBXFileReference; fileEncoding = 4; lastKnownFileType = sourcecode.c.objc; name = FieldView.m; path = views/FieldView.m; sourceTree = "<group>"; };
		B783BA681BF5CD8A00F1AF9A /* UIDynamicDemo.app */ = {isa = PBXFileReference; explicitFileType = wrapper.application; includeInIndex = 0; path = UIDynamicDemo.app; sourceTree = BUILT_PRODUCTS_DIR; };
		B783BA6C1BF5CD8A00F1AF9A /* main.m */ = {isa = PBXFileReference; lastKnownFileType = sourcecode.c.objc; path = main.m; sourceTree = "<group>"; };
		B783BA6E1BF5CD8A00F1AF9A /* AppDelegate.h */ = {isa = PBXFileReference; lastKnownFileType = sourcecode.c.h; path = AppDelegate.h; sourceTree = "<group>"; };
		B783BA6F1BF5CD8A00F1AF9A /* AppDelegate.m */ = {isa = PBXFileReference; lastKnownFileType = sourcecode.c.objc; path = AppDelegate.m; sourceTree = "<group>"; };
		B783BA771BF5CD8A00F1AF9A /* Assets.xcassets */ = {isa = PBXFileReference; lastKnownFileType = folder.assetcatalog; path = Assets.xcassets; sourceTree = "<group>"; };
		B783BA7A1BF5CD8A00F1AF9A /* Base */ = {isa = PBXFileReference; lastKnownFileType = file.storyboard; name = Base; path = Base.lproj/LaunchScreen.storyboard; sourceTree = "<group>"; };
		B783BA7C1BF5CD8A00F1AF9A /* Info.plist */ = {isa = PBXFileReference; lastKnownFileType = text.plist.xml; path = Info.plist; sourceTree = "<group>"; };
		B783BA851BF5CEAD00F1AF9A /* DetailViewController.h */ = {isa = PBXFileReference; fileEncoding = 4; lastKnownFileType = sourcecode.c.h; path = DetailViewController.h; sourceTree = "<group>"; };
		B783BA861BF5CEAE00F1AF9A /* DetailViewController.m */ = {isa = PBXFileReference; fileEncoding = 4; lastKnownFileType = sourcecode.c.objc; path = DetailViewController.m; sourceTree = "<group>"; };
		B783BA881BF5CFC300F1AF9A /* MainViewController.h */ = {isa = PBXFileReference; fileEncoding = 4; lastKnownFileType = sourcecode.c.h; name = MainViewController.h; path = ../MainViewController.h; sourceTree = "<group>"; };
		B783BA891BF5CFC300F1AF9A /* MainViewController.m */ = {isa = PBXFileReference; fileEncoding = 4; lastKnownFileType = sourcecode.c.objc; name = MainViewController.m; path = ../MainViewController.m; sourceTree = "<group>"; };
		B783BA8D1BF5D5EA00F1AF9A /* BaseView.h */ = {isa = PBXFileReference; fileEncoding = 4; lastKnownFileType = sourcecode.c.h; name = BaseView.h; path = views/BaseView.h; sourceTree = "<group>"; };
		B783BA8E1BF5D5EA00F1AF9A /* BaseView.m */ = {isa = PBXFileReference; fileEncoding = 4; lastKnownFileType = sourcecode.c.objc; name = BaseView.m; path = views/BaseView.m; sourceTree = "<group>"; };
		B783BA901BF5D64300F1AF9A /* GravityView.h */ = {isa = PBXFileReference; fileEncoding = 4; lastKnownFileType = sourcecode.c.h; name = GravityView.h; path = views/GravityView.h; sourceTree = "<group>"; };
		B783BA911BF5D64300F1AF9A /* GravityView.m */ = {isa = PBXFileReference; fileEncoding = 4; lastKnownFileType = sourcecode.c.objc; name = GravityView.m; path = views/GravityView.m; sourceTree = "<group>"; };
/* End PBXFileReference section */

/* Begin PBXFrameworksBuildPhase section */
		B783BA651BF5CD8A00F1AF9A /* Frameworks */ = {
			isa = PBXFrameworksBuildPhase;
			buildActionMask = 2147483647;
			files = (
			);
			runOnlyForDeploymentPostprocessing = 0;
		};
/* End PBXFrameworksBuildPhase section */

/* Begin PBXGroup section */
		B783BA5F1BF5CD8A00F1AF9A = {
			isa = PBXGroup;
			children = (
				B783BA6A1BF5CD8A00F1AF9A /* UIDynamicDemo */,
				B783BA691BF5CD8A00F1AF9A /* Products */,
			);
			sourceTree = "<group>";
		};
		B783BA691BF5CD8A00F1AF9A /* Products */ = {
			isa = PBXGroup;
			children = (
				B783BA681BF5CD8A00F1AF9A /* UIDynamicDemo.app */,
			);
			name = Products;
			sourceTree = "<group>";
		};
		B783BA6A1BF5CD8A00F1AF9A /* UIDynamicDemo */ = {
			isa = PBXGroup;
			children = (
				B783BA8B1BF5D58900F1AF9A /* ViewController */,
				B783BA8C1BF5D59900F1AF9A /* View */,
				B783BA6E1BF5CD8A00F1AF9A /* AppDelegate.h */,
				B783BA6F1BF5CD8A00F1AF9A /* AppDelegate.m */,
				B783BA771BF5CD8A00F1AF9A /* Assets.xcassets */,
				B783BA791BF5CD8A00F1AF9A /* LaunchScreen.storyboard */,
				B783BA7C1BF5CD8A00F1AF9A /* Info.plist */,
				B783BA6B1BF5CD8A00F1AF9A /* Supporting Files */,
			);
			path = UIDynamicDemo;
			sourceTree = "<group>";
		};
		B783BA6B1BF5CD8A00F1AF9A /* Supporting Files */ = {
			isa = PBXGroup;
			children = (
				B783BA6C1BF5CD8A00F1AF9A /* main.m */,
			);
			name = "Supporting Files";
			sourceTree = "<group>";
		};
		B783BA8B1BF5D58900F1AF9A /* ViewController */ = {
			isa = PBXGroup;
			children = (
				B783BA881BF5CFC300F1AF9A /* MainViewController.h */,
				B783BA891BF5CFC300F1AF9A /* MainViewController.m */,
				B783BA851BF5CEAD00F1AF9A /* DetailViewController.h */,
				B783BA861BF5CEAE00F1AF9A /* DetailViewController.m */,
			);
			name = ViewController;
			sourceTree = "<group>";
		};
		B783BA8C1BF5D59900F1AF9A /* View */ = {
			isa = PBXGroup;
			children = (
				B783BA8D1BF5D5EA00F1AF9A /* BaseView.h */,
				B783BA8E1BF5D5EA00F1AF9A /* BaseView.m */,
				B783BA901BF5D64300F1AF9A /* GravityView.h */,
				B783BA911BF5D64300F1AF9A /* GravityView.m */,
				B7099B7E1BF976E60056EAF2 /* CollisionView.h */,
				B7099B7F1BF976E60056EAF2 /* CollisionView.m */,
				B7099B831BF984D30056EAF2 /* SnapView.h */,
				B7099B841BF984D30056EAF2 /* SnapView.m */,
				B7099B861BF986350056EAF2 /* PushView.h */,
				B7099B871BF986350056EAF2 /* PushView.m */,
				B7099B891BF9A52B0056EAF2 /* DynamicItemView.h */,
				B7099B8A1BF9A52B0056EAF2 /* DynamicItemView.m */,
				B7099B8C1BF9A9610056EAF2 /* AttachmentView.h */,
				B7099B8D1BF9A9610056EAF2 /* AttachmentView.m */,
				B7099B8F1BF9AB590056EAF2 /* FieldView.h */,
				B7099B901BF9AB590056EAF2 /* FieldView.m */,
			);
			name = View;
			sourceTree = "<group>";
		};
/* End PBXGroup section */

/* Begin PBXNativeTarget section */
		B783BA671BF5CD8A00F1AF9A /* UIDynamicDemo */ = {
			isa = PBXNativeTarget;
			buildConfigurationList = B783BA7F1BF5CD8A00F1AF9A /* Build configuration list for PBXNativeTarget "UIDynamicDemo" */;
			buildPhases = (
				B783BA641BF5CD8A00F1AF9A /* Sources */,
				B783BA651BF5CD8A00F1AF9A /* Frameworks */,
				B783BA661BF5CD8A00F1AF9A /* Resources */,
			);
			buildRules = (
			);
			dependencies = (
			);
			name = UIDynamicDemo;
			productName = UIDynamicDemo;
			productReference = B783BA681BF5CD8A00F1AF9A /* UIDynamicDemo.app */;
			productType = "com.apple.product-type.application";
		};
/* End PBXNativeTarget section */

/* Begin PBXProject section */
		B783BA601BF5CD8A00F1AF9A /* Project object */ = {
			isa = PBXProject;
			attributes = {
				LastUpgradeCheck = 0710;
				ORGANIZATIONNAME = tang07070;
				TargetAttributes = {
					B783BA671BF5CD8A00F1AF9A = {
						CreatedOnToolsVersion = 7.1.1;
					};
				};
			};
			buildConfigurationList = B783BA631BF5CD8A00F1AF9A /* Build configuration list for PBXProject "UIDynamicDemo" */;
			compatibilityVersion = "Xcode 3.2";
			developmentRegion = English;
			hasScannedForEncodings = 0;
			knownRegions = (
				en,
				Base,
			);
			mainGroup = B783BA5F1BF5CD8A00F1AF9A;
			productRefGroup = B783BA691BF5CD8A00F1AF9A /* Products */;
			projectDirPath = "";
			projectRoot = "";
			targets = (
				B783BA671BF5CD8A00F1AF9A /* UIDynamicDemo */,
			);
		};
/* End PBXProject section */

/* Begin PBXResourcesBuildPhase section */
		B783BA661BF5CD8A00F1AF9A /* Resources */ = {
			isa = PBXResourcesBuildPhase;
			buildActionMask = 2147483647;
			files = (
				B783BA7B1BF5CD8A00F1AF9A /* LaunchScreen.storyboard in Resources */,
				B783BA781BF5CD8A00F1AF9A /* Assets.xcassets in Resources */,
			);
			runOnlyForDeploymentPostprocessing = 0;
		};
/* End PBXResourcesBuildPhase section */

/* Begin PBXSourcesBuildPhase section */
		B783BA641BF5CD8A00F1AF9A /* Sources */ = {
			isa = PBXSourcesBuildPhase;
			buildActionMask = 2147483647;
			files = (
				B7099B881BF986360056EAF2 /* PushView.m in Sources */,
				B783BA701BF5CD8A00F1AF9A /* AppDelegate.m in Sources */,
				B783BA921BF5D64300F1AF9A /* GravityView.m in Sources */,
				B7099B8B1BF9A52B0056EAF2 /* DynamicItemView.m in Sources */,
				B7099B8E1BF9A9610056EAF2 /* AttachmentView.m in Sources */,
				B7099B911BF9AB590056EAF2 /* FieldView.m in Sources */,
				B7099B851BF984D30056EAF2 /* SnapView.m in Sources */,
				B783BA6D1BF5CD8A00F1AF9A /* main.m in Sources */,
				B783BA8F1BF5D5EA00F1AF9A /* BaseView.m in Sources */,
				B7099B801BF976E60056EAF2 /* CollisionView.m in Sources */,
				B783BA871BF5CEAE00F1AF9A /* DetailViewController.m in Sources */,
				B783BA8A1BF5CFC300F1AF9A /* MainViewController.m in Sources */,
			);
			runOnlyForDeploymentPostprocessing = 0;
		};
/* End PBXSourcesBuildPhase section */

/* Begin PBXVariantGroup section */
		B783BA791BF5CD8A00F1AF9A /* LaunchScreen.storyboard */ = {
			isa = PBXVariantGroup;
			children = (
				B783BA7A1BF5CD8A00F1AF9A /* Base */,
			);
			name = LaunchScreen.storyboard;
			sourceTree = "<group>";
		};
/* End PBXVariantGroup section */

/* Begin XCBuildConfiguration section */
		B783BA7D1BF5CD8A00F1AF9A /* Debug */ = {
			isa = XCBuildConfiguration;
			buildSettings = {
				ALWAYS_SEARCH_USER_PATHS = NO;
				CLANG_CXX_LANGUAGE_STANDARD = "gnu++0x";
				CLANG_CXX_LIBRARY = "libc++";
				CLANG_ENABLE_MODULES = YES;
				CLANG_ENABLE_OBJC_ARC = YES;
				CLANG_WARN_BOOL_CONVERSION = YES;
				CLANG_WARN_CONSTANT_CONVERSION = YES;
				CLANG_WARN_DIRECT_OBJC_ISA_USAGE = YES_ERROR;
				CLANG_WARN_EMPTY_BODY = YES;
				CLANG_WARN_ENUM_CONVERSION = YES;
				CLANG_WARN_INT_CONVERSION = YES;
				CLANG_WARN_OBJC_ROOT_CLASS = YES_ERROR;
				CLANG_WARN_UNREACHABLE_CODE = YES;
				CLANG_WARN__DUPLICATE_METHOD_MATCH = YES;
				"CODE_SIGN_IDENTITY[sdk=iphoneos*]" = "iPhone Developer";
				COPY_PHASE_STRIP = NO;
				DEBUG_INFORMATION_FORMAT = dwarf;
				ENABLE_STRICT_OBJC_MSGSEND = YES;
				ENABLE_TESTABILITY = YES;
				GCC_C_LANGUAGE_STANDARD = gnu99;
				GCC_DYNAMIC_NO_PIC = NO;
				GCC_NO_COMMON_BLOCKS = YES;
				GCC_OPTIMIZATION_LEVEL = 0;
				GCC_PREPROCESSOR_DEFINITIONS = (
					"DEBUG=1",
					"$(inherited)",
				);
				GCC_WARN_64_TO_32_BIT_CONVERSION = YES;
				GCC_WARN_ABOUT_RETURN_TYPE = YES_ERROR;
				GCC_WARN_UNDECLARED_SELECTOR = YES;
				GCC_WARN_UNINITIALIZED_AUTOS = YES_AGGRESSIVE;
				GCC_WARN_UNUSED_FUNCTION = YES;
				GCC_WARN_UNUSED_VARIABLE = YES;
				IPHONEOS_DEPLOYMENT_TARGET = 9.1;
				MTL_ENABLE_DEBUG_INFO = YES;
				ONLY_ACTIVE_ARCH = YES;
				SDKROOT = iphoneos;
			};
			name = Debug;
		};
		B783BA7E1BF5CD8A00F1AF9A /* Release */ = {
			isa = XCBuildConfiguration;
			buildSettings = {
				ALWAYS_SEARCH_USER_PATHS = NO;
				CLANG_CXX_LANGUAGE_STANDARD = "gnu++0x";
				CLANG_CXX_LIBRARY = "libc++";
				CLANG_ENABLE_MODULES = YES;
				CLANG_ENABLE_OBJC_ARC = YES;
				CLANG_WARN_BOOL_CONVERSION = YES;
				CLANG_WARN_CONSTANT_CONVERSION = YES;
				CLANG_WARN_DIRECT_OBJC_ISA_USAGE = YES_ERROR;
				CLANG_WARN_EMPTY_BODY = YES;
				CLANG_WARN_ENUM_CONVERSION = YES;
				CLANG_WARN_INT_CONVERSION = YES;
				CLANG_WARN_OBJC_ROOT_CLASS = YES_ERROR;
				CLANG_WARN_UNREACHABLE_CODE = YES;
				CLANG_WARN__DUPLICATE_METHOD_MATCH = YES;
				"CODE_SIGN_IDENTITY[sdk=iphoneos*]" = "iPhone Developer";
				COPY_PHASE_STRIP = NO;
				DEBUG_INFORMATION_FORMAT = "dwarf-with-dsym";
				ENABLE_NS_ASSERTIONS = NO;
				ENABLE_STRICT_OBJC_MSGSEND = YES;
				GCC_C_LANGUAGE_STANDARD = gnu99;
				GCC_NO_COMMON_BLOCKS = YES;
				GCC_WARN_64_TO_32_BIT_CONVERSION = YES;
				GCC_WARN_ABOUT_RETURN_TYPE = YES_ERROR;
				GCC_WARN_UNDECLARED_SELECTOR = YES;
				GCC_WARN_UNINITIALIZED_AUTOS = YES_AGGRESSIVE;
				GCC_WARN_UNUSED_FUNCTION = YES;
				GCC_WARN_UNUSED_VARIABLE = YES;
				IPHONEOS_DEPLOYMENT_TARGET = 9.1;
				MTL_ENABLE_DEBUG_INFO = NO;
				SDKROOT = iphoneos;
				VALIDATE_PRODUCT = YES;
			};
			name = Release;
		};
		B783BA801BF5CD8A00F1AF9A /* Debug */ = {
			isa = XCBuildConfiguration;
			buildSettings = {
				ASSETCATALOG_COMPILER_APPICON_NAME = AppIcon;
				INFOPLIST_FILE = UIDynamicDemo/Info.plist;
				IPHONEOS_DEPLOYMENT_TARGET = 8.0;
				LD_RUNPATH_SEARCH_PATHS = "$(inherited) @executable_path/Frameworks";
				PRODUCT_BUNDLE_IDENTIFIER = tang07070.UIDynamicDemo;
				PRODUCT_NAME = "$(TARGET_NAME)";
			};
			name = Debug;
		};
		B783BA811BF5CD8A00F1AF9A /* Release */ = {
			isa = XCBuildConfiguration;
			buildSettings = {
				ASSETCATALOG_COMPILER_APPICON_NAME = AppIcon;
				INFOPLIST_FILE = UIDynamicDemo/Info.plist;
				IPHONEOS_DEPLOYMENT_TARGET = 8.0;
				LD_RUNPATH_SEARCH_PATHS = "$(inherited) @executable_path/Frameworks";
				PRODUCT_BUNDLE_IDENTIFIER = tang07070.UIDynamicDemo;
				PRODUCT_NAME = "$(TARGET_NAME)";
			};
			name = Release;
		};
/* End XCBuildConfiguration section */

/* Begin XCConfigurationList section */
		B783BA631BF5CD8A00F1AF9A /* Build configuration list for PBXProject "UIDynamicDemo" */ = {
			isa = XCConfigurationList;
			buildConfigurations = (
				B783BA7D1BF5CD8A00F1AF9A /* Debug */,
				B783BA7E1BF5CD8A00F1AF9A /* Release */,
			);
			defaultConfigurationIsVisible = 0;
			defaultConfigurationName = Release;
		};
		B783BA7F1BF5CD8A00F1AF9A /* Build configuration list for PBXNativeTarget "UIDynamicDemo" */ = {
			isa = XCConfigurationList;
			buildConfigurations = (
				B783BA801BF5CD8A00F1AF9A /* Debug */,
				B783BA811BF5CD8A00F1AF9A /* Release */,
			);
			defaultConfigurationIsVisible = 0;
			defaultConfigurationName = Release;
		};
/* End XCConfigurationList section */
	};
	rootObject = B783BA601BF5CD8A00F1AF9A /* Project object */;
}
